{
  "name": "SEProject",
  "lockfileVersion": 3,
  "requires": true,
  "packages": {
    "": {
      "dependencies": {
        "github-markdown-css": "^5.5.1"
      }
    },
    "node_modules/github-markdown-css": {
      "version": "5.5.1",
      "resolved": "https://registry.npmjs.org/github-markdown-css/-/github-markdown-css-5.5.1.tgz",
      "integrity": "sha512-2osyhNgFt7DEHnGHbgIifWawAqlc68gjJiGwO1xNw/S48jivj8kVaocsVkyJqUi3fm7fdYIDi4C6yOtcqR/aEQ==",
      "engines": {
        "node": ">=10"
      },
      "funding": {
        "url": "https://github.com/sponsors/sindresorhus"
      }
    }
  }
}
